
Microsoft Visual Studio Solution File, Format Version 12.00
# Visual Studio Version 17
VisualStudioVersion = 17.2.32210.308
MinimumVisualStudioVersion = 15.0.26124.0
Project("{9A19103F-16F7-4668-BE54-9A1E7A4F7556}") = "Aware", "Aware\Aware.csproj", "{0D863DDE-FA83-4CA5-A3D8-360C9EF07C4A}"
EndProject
Project("{2150E333-8FDC-42A3-9474-1A3956D46DE8}") = "Solution Items", "Solution Items", "{BADA71DC-7FFD-4EDC-9F28-FB74AEADC713}"
	ProjectSection(SolutionItems) = preProject
		.editorconfig = .editorconfig
		.gitignore = .gitignore
		.vsconfig = .vsconfig
		Directory.Build.props = Directory.Build.props
		Directory.Build.targets = Directory.Build.targets
		Directory.Packages.props = Directory.Packages.props
		global.json = global.json
	EndProjectSection
EndProject
Project("{2150E333-8FDC-42A3-9474-1A3956D46DE8}") = "tests", "tests", "{0AB3BF05-4346-4AA6-1389-037BE0695223}"
EndProject
Project("{FAE04EC0-301F-11D3-BF4B-00C04F79EFBC}") = "Aware.Tests", "tests\Aware.Tests\Aware.Tests.csproj", "{E3FAB658-8F2D-40BB-B8CC-7FB5EC8020EA}"
EndProject
Global
	GlobalSection(SolutionConfigurationPlatforms) = preSolution
		Debug|Any CPU = Debug|Any CPU
		Debug|ARM = Debug|ARM
		Debug|ARM64 = Debug|ARM64
		Debug|iPhone = Debug|iPhone
		Debug|iPhoneSimulator = Debug|iPhoneSimulator
		Debug|x64 = Debug|x64
		Debug|x86 = Debug|x86
		Release|Any CPU = Release|Any CPU
		Release|ARM = Release|ARM
		Release|ARM64 = Release|ARM64
		Release|iPhone = Release|iPhone
		Release|iPhoneSimulator = Release|iPhoneSimulator
		Release|x64 = Release|x64
		Release|x86 = Release|x86
	EndGlobalSection
	GlobalSection(ProjectConfigurationPlatforms) = postSolution
		{0D863DDE-FA83-4CA5-A3D8-360C9EF07C4A}.Debug|Any CPU.ActiveCfg = Debug|Any CPU
		{0D863DDE-FA83-4CA5-A3D8-360C9EF07C4A}.Debug|Any CPU.Build.0 = Debug|Any CPU
		{0D863DDE-FA83-4CA5-A3D8-360C9EF07C4A}.Debug|Any CPU.Deploy.0 = Debug|Any CPU
		{0D863DDE-FA83-4CA5-A3D8-360C9EF07C4A}.Debug|ARM.ActiveCfg = Debug|Any CPU
		{0D863DDE-FA83-4CA5-A3D8-360C9EF07C4A}.Debug|ARM.Build.0 = Debug|Any CPU
		{0D863DDE-FA83-4CA5-A3D8-360C9EF07C4A}.Debug|ARM.Deploy.0 = Debug|Any CPU
		{0D863DDE-FA83-4CA5-A3D8-360C9EF07C4A}.Debug|ARM64.ActiveCfg = Debug|Any CPU
		{0D863DDE-FA83-4CA5-A3D8-360C9EF07C4A}.Debug|ARM64.Build.0 = Debug|Any CPU
		{0D863DDE-FA83-4CA5-A3D8-360C9EF07C4A}.Debug|ARM64.Deploy.0 = Debug|Any CPU
		{0D863DDE-FA83-4CA5-A3D8-360C9EF07C4A}.Debug|iPhone.ActiveCfg = Debug|Any CPU
		{0D863DDE-FA83-4CA5-A3D8-360C9EF07C4A}.Debug|iPhone.Build.0 = Debug|Any CPU
		{0D863DDE-FA83-4CA5-A3D8-360C9EF07C4A}.Debug|iPhone.Deploy.0 = Debug|Any CPU
		{0D863DDE-FA83-4CA5-A3D8-360C9EF07C4A}.Debug|iPhoneSimulator.ActiveCfg = Debug|Any CPU
		{0D863DDE-FA83-4CA5-A3D8-360C9EF07C4A}.Debug|iPhoneSimulator.Build.0 = Debug|Any CPU
		{0D863DDE-FA83-4CA5-A3D8-360C9EF07C4A}.Debug|iPhoneSimulator.Deploy.0 = Debug|Any CPU
		{0D863DDE-FA83-4CA5-A3D8-360C9EF07C4A}.Debug|x64.ActiveCfg = Debug|Any CPU
		{0D863DDE-FA83-4CA5-A3D8-360C9EF07C4A}.Debug|x64.Build.0 = Debug|Any CPU
		{0D863DDE-FA83-4CA5-A3D8-360C9EF07C4A}.Debug|x64.Deploy.0 = Debug|Any CPU
		{0D863DDE-FA83-4CA5-A3D8-360C9EF07C4A}.Debug|x86.ActiveCfg = Debug|Any CPU
		{0D863DDE-FA83-4CA5-A3D8-360C9EF07C4A}.Debug|x86.Build.0 = Debug|Any CPU
		{0D863DDE-FA83-4CA5-A3D8-360C9EF07C4A}.Debug|x86.Deploy.0 = Debug|Any CPU
		{0D863DDE-FA83-4CA5-A3D8-360C9EF07C4A}.Release|Any CPU.ActiveCfg = Release|Any CPU
		{0D863DDE-FA83-4CA5-A3D8-360C9EF07C4A}.Release|Any CPU.Build.0 = Release|Any CPU
		{0D863DDE-FA83-4CA5-A3D8-360C9EF07C4A}.Release|Any CPU.Deploy.0 = Release|Any CPU
		{0D863DDE-FA83-4CA5-A3D8-360C9EF07C4A}.Release|ARM.ActiveCfg = Release|Any CPU
		{0D863DDE-FA83-4CA5-A3D8-360C9EF07C4A}.Release|ARM.Build.0 = Release|Any CPU
		{0D863DDE-FA83-4CA5-A3D8-360C9EF07C4A}.Release|ARM.Deploy.0 = Release|Any CPU
		{0D863DDE-FA83-4CA5-A3D8-360C9EF07C4A}.Release|ARM64.ActiveCfg = Release|Any CPU
		{0D863DDE-FA83-4CA5-A3D8-360C9EF07C4A}.Release|ARM64.Build.0 = Release|Any CPU
		{0D863DDE-FA83-4CA5-A3D8-360C9EF07C4A}.Release|ARM64.Deploy.0 = Release|Any CPU
		{0D863DDE-FA83-4CA5-A3D8-360C9EF07C4A}.Release|iPhone.ActiveCfg = Release|Any CPU
		{0D863DDE-FA83-4CA5-A3D8-360C9EF07C4A}.Release|iPhone.Build.0 = Release|Any CPU
		{0D863DDE-FA83-4CA5-A3D8-360C9EF07C4A}.Release|iPhone.Deploy.0 = Release|Any CPU
		{0D863DDE-FA83-4CA5-A3D8-360C9EF07C4A}.Release|iPhoneSimulator.ActiveCfg = Release|Any CPU
		{0D863DDE-FA83-4CA5-A3D8-360C9EF07C4A}.Release|iPhoneSimulator.Build.0 = Release|Any CPU
		{0D863DDE-FA83-4CA5-A3D8-360C9EF07C4A}.Release|iPhoneSimulator.Deploy.0 = Release|Any CPU
		{0D863DDE-FA83-4CA5-A3D8-360C9EF07C4A}.Release|x64.ActiveCfg = Release|Any CPU
		{0D863DDE-FA83-4CA5-A3D8-360C9EF07C4A}.Release|x64.Build.0 = Release|Any CPU
		{0D863DDE-FA83-4CA5-A3D8-360C9EF07C4A}.Release|x64.Deploy.0 = Release|Any CPU
		{0D863DDE-FA83-4CA5-A3D8-360C9EF07C4A}.Release|x86.ActiveCfg = Release|Any CPU
		{0D863DDE-FA83-4CA5-A3D8-360C9EF07C4A}.Release|x86.Build.0 = Release|Any CPU
		{0D863DDE-FA83-4CA5-A3D8-360C9EF07C4A}.Release|x86.Deploy.0 = Release|Any CPU
		{E3FAB658-8F2D-40BB-B8CC-7FB5EC8020EA}.Debug|Any CPU.ActiveCfg = Debug|Any CPU
		{E3FAB658-8F2D-40BB-B8CC-7FB5EC8020EA}.Debug|Any CPU.Build.0 = Debug|Any CPU
		{E3FAB658-8F2D-40BB-B8CC-7FB5EC8020EA}.Debug|ARM.ActiveCfg = Debug|Any CPU
		{E3FAB658-8F2D-40BB-B8CC-7FB5EC8020EA}.Debug|ARM.Build.0 = Debug|Any CPU
		{E3FAB658-8F2D-40BB-B8CC-7FB5EC8020EA}.Debug|ARM64.ActiveCfg = Debug|Any CPU
		{E3FAB658-8F2D-40BB-B8CC-7FB5EC8020EA}.Debug|ARM64.Build.0 = Debug|Any CPU
		{E3FAB658-8F2D-40BB-B8CC-7FB5EC8020EA}.Debug|iPhone.ActiveCfg = Debug|Any CPU
		{E3FAB658-8F2D-40BB-B8CC-7FB5EC8020EA}.Debug|iPhone.Build.0 = Debug|Any CPU
		{E3FAB658-8F2D-40BB-B8CC-7FB5EC8020EA}.Debug|iPhoneSimulator.ActiveCfg = Debug|Any CPU
		{E3FAB658-8F2D-40BB-B8CC-7FB5EC8020EA}.Debug|iPhoneSimulator.Build.0 = Debug|Any CPU
		{E3FAB658-8F2D-40BB-B8CC-7FB5EC8020EA}.Debug|x64.ActiveCfg = Debug|Any CPU
		{E3FAB658-8F2D-40BB-B8CC-7FB5EC8020EA}.Debug|x64.Build.0 = Debug|Any CPU
		{E3FAB658-8F2D-40BB-B8CC-7FB5EC8020EA}.Debug|x86.ActiveCfg = Debug|Any CPU
		{E3FAB658-8F2D-40BB-B8CC-7FB5EC8020EA}.Debug|x86.Build.0 = Debug|Any CPU
		{E3FAB658-8F2D-40BB-B8CC-7FB5EC8020EA}.Release|Any CPU.ActiveCfg = Release|Any CPU
		{E3FAB658-8F2D-40BB-B8CC-7FB5EC8020EA}.Release|Any CPU.Build.0 = Release|Any CPU
		{E3FAB658-8F2D-40BB-B8CC-7FB5EC8020EA}.Release|ARM.ActiveCfg = Release|Any CPU
		{E3FAB658-8F2D-40BB-B8CC-7FB5EC8020EA}.Release|ARM.Build.0 = Release|Any CPU
		{E3FAB658-8F2D-40BB-B8CC-7FB5EC8020EA}.Release|ARM64.ActiveCfg = Release|Any CPU
		{E3FAB658-8F2D-40BB-B8CC-7FB5EC8020EA}.Release|ARM64.Build.0 = Release|Any CPU
		{E3FAB658-8F2D-40BB-B8CC-7FB5EC8020EA}.Release|iPhone.ActiveCfg = Release|Any CPU
		{E3FAB658-8F2D-40BB-B8CC-7FB5EC8020EA}.Release|iPhone.Build.0 = Release|Any CPU
		{E3FAB658-8F2D-40BB-B8CC-7FB5EC8020EA}.Release|iPhoneSimulator.ActiveCfg = Release|Any CPU
		{E3FAB658-8F2D-40BB-B8CC-7FB5EC8020EA}.Release|iPhoneSimulator.Build.0 = Release|Any CPU
		{E3FAB658-8F2D-40BB-B8CC-7FB5EC8020EA}.Release|x64.ActiveCfg = Release|Any CPU
		{E3FAB658-8F2D-40BB-B8CC-7FB5EC8020EA}.Release|x64.Build.0 = Release|Any CPU
		{E3FAB658-8F2D-40BB-B8CC-7FB5EC8020EA}.Release|x86.ActiveCfg = Release|Any CPU
		{E3FAB658-8F2D-40BB-B8CC-7FB5EC8020EA}.Release|x86.Build.0 = Release|Any CPU
	EndGlobalSection
	GlobalSection(SolutionProperties) = preSolution
		HideSolutionNode = FALSE
	EndGlobalSection
	GlobalSection(NestedProjects) = preSolution
		{E3FAB658-8F2D-40BB-B8CC-7FB5EC8020EA} = {0AB3BF05-4346-4AA6-1389-037BE0695223}
	EndGlobalSection
	GlobalSection(ExtensibilityGlobals) = postSolution
		SolutionGuid = {8A3CF421-CB2D-495E-AD6F-EA81FE8AC154}
	EndGlobalSection
EndGlobal
